
Microsoft Visual Studio Solution File, Format Version 12.00
# Visual Studio Version 16
VisualStudioVersion = 16.0.35826.135
MinimumVisualStudioVersion = 10.0.40219.1
Project("{FAE04EC0-301F-11D3-BF4B-00C04F79EFBC}") = "UI", "UI\UI.csproj", "{DB1EED70-DE0C-466B-A7F2-3F6982ED5583}"
EndProject
Project("{FAE04EC0-301F-11D3-BF4B-00C04F79EFBC}") = "BLL", "BLL\BLL.csproj", "{99F18D38-B857-4F90-9D61-D787F1A71827}"
EndProject
Project("{FAE04EC0-301F-11D3-BF4B-00C04F79EFBC}") = "DAL", "DAL\DAL.csproj", "{BF4BE22E-83A7-4A10-A898-ECEAE8A306D4}"
EndProject
Project("{FAE04EC0-301F-11D3-BF4B-00C04F79EFBC}") = "BE", "BE\BE.csproj", "{EF8473DB-B657-47F4-9EE9-6828711EEDCC}"
EndProject
Global
	GlobalSection(SolutionConfigurationPlatforms) = preSolution
		Debug|Any CPU = Debug|Any CPU
		Release|Any CPU = Release|Any CPU
	EndGlobalSection
	GlobalSection(ProjectConfigurationPlatforms) = postSolution
		{DB1EED70-DE0C-466B-A7F2-3F6982ED5583}.Debug|Any CPU.ActiveCfg = Debug|Any CPU
		{DB1EED70-DE0C-466B-A7F2-3F6982ED5583}.Debug|Any CPU.Build.0 = Debug|Any CPU
		{DB1EED70-DE0C-466B-A7F2-3F6982ED5583}.Release|Any CPU.ActiveCfg = Release|Any CPU
		{DB1EED70-DE0C-466B-A7F2-3F6982ED5583}.Release|Any CPU.Build.0 = Release|Any CPU
		{99F18D38-B857-4F90-9D61-D787F1A71827}.Debug|Any CPU.ActiveCfg = Debug|Any CPU
		{99F18D38-B857-4F90-9D61-D787F1A71827}.Debug|Any CPU.Build.0 = Debug|Any CPU
		{99F18D38-B857-4F90-9D61-D787F1A71827}.Release|Any CPU.ActiveCfg = Release|Any CPU
		{99F18D38-B857-4F90-9D61-D787F1A71827}.Release|Any CPU.Build.0 = Release|Any CPU
		{BF4BE22E-83A7-4A10-A898-ECEAE8A306D4}.Debug|Any CPU.ActiveCfg = Debug|Any CPU
		{BF4BE22E-83A7-4A10-A898-ECEAE8A306D4}.Debug|Any CPU.Build.0 = Debug|Any CPU
		{BF4BE22E-83A7-4A10-A898-ECEAE8A306D4}.Release|Any CPU.ActiveCfg = Release|Any CPU
		{BF4BE22E-83A7-4A10-A898-ECEAE8A306D4}.Release|Any CPU.Build.0 = Release|Any CPU
		{EF8473DB-B657-47F4-9EE9-6828711EEDCC}.Debug|Any CPU.ActiveCfg = Debug|Any CPU
		{EF8473DB-B657-47F4-9EE9-6828711EEDCC}.Debug|Any CPU.Build.0 = Debug|Any CPU
		{EF8473DB-B657-47F4-9EE9-6828711EEDCC}.Release|Any CPU.ActiveCfg = Release|Any CPU
		{EF8473DB-B657-47F4-9EE9-6828711EEDCC}.Release|Any CPU.Build.0 = Release|Any CPU
	EndGlobalSection
	GlobalSection(SolutionProperties) = preSolution
		HideSolutionNode = FALSE
	EndGlobalSection
	GlobalSection(ExtensibilityGlobals) = postSolution
		SolutionGuid = {86D75F30-67EF-4C9F-928E-2A244BE641CA}
	EndGlobalSection
EndGlobal
