
Microsoft Visual Studio Solution File, Format Version 12.00
# Visual Studio Version 17
VisualStudioVersion = 17.14.36121.58 d17.14
MinimumVisualStudioVersion = 10.0.40219.1
Project("{FAE04EC0-301F-11D3-BF4B-00C04F79EFBC}") = "FarmaSalud", "UI\FarmaSalud.csproj", "{DB1EED70-DE0C-466B-A7F2-3F6982ED5583}"
EndProject
Project("{FAE04EC0-301F-11D3-BF4B-00C04F79EFBC}") = "BLL", "BLL\BLL.csproj", "{5B10415C-24E1-48C4-A556-522A845DFA6A}"
EndProject
Project("{FAE04EC0-301F-11D3-BF4B-00C04F79EFBC}") = "DAL", "DAL\DAL.csproj", "{9066ADCE-FB3E-4714-BD7D-49A2B87980C0}"
EndProject
Project("{FAE04EC0-301F-11D3-BF4B-00C04F79EFBC}") = "BE", "BE\BE.csproj", "{34A25C8C-AE62-44E3-9AC1-21533569ED83}"
EndProject
Global
	GlobalSection(SolutionConfigurationPlatforms) = preSolution
		Debug|Any CPU = Debug|Any CPU
		Release|Any CPU = Release|Any CPU
	EndGlobalSection
	GlobalSection(ProjectConfigurationPlatforms) = postSolution
		{DB1EED70-DE0C-466B-A7F2-3F6982ED5583}.Debug|Any CPU.ActiveCfg = Debug|Any CPU
		{DB1EED70-DE0C-466B-A7F2-3F6982ED5583}.Debug|Any CPU.Build.0 = Debug|Any CPU
		{DB1EED70-DE0C-466B-A7F2-3F6982ED5583}.Release|Any CPU.ActiveCfg = Release|Any CPU
		{DB1EED70-DE0C-466B-A7F2-3F6982ED5583}.Release|Any CPU.Build.0 = Release|Any CPU
		{5B10415C-24E1-48C4-A556-522A845DFA6A}.Debug|Any CPU.ActiveCfg = Debug|Any CPU
		{5B10415C-24E1-48C4-A556-522A845DFA6A}.Debug|Any CPU.Build.0 = Debug|Any CPU
		{5B10415C-24E1-48C4-A556-522A845DFA6A}.Release|Any CPU.ActiveCfg = Release|Any CPU
		{5B10415C-24E1-48C4-A556-522A845DFA6A}.Release|Any CPU.Build.0 = Release|Any CPU
		{9066ADCE-FB3E-4714-BD7D-49A2B87980C0}.Debug|Any CPU.ActiveCfg = Debug|Any CPU
		{9066ADCE-FB3E-4714-BD7D-49A2B87980C0}.Debug|Any CPU.Build.0 = Debug|Any CPU
		{9066ADCE-FB3E-4714-BD7D-49A2B87980C0}.Release|Any CPU.ActiveCfg = Release|Any CPU
		{9066ADCE-FB3E-4714-BD7D-49A2B87980C0}.Release|Any CPU.Build.0 = Release|Any CPU
		{34A25C8C-AE62-44E3-9AC1-21533569ED83}.Debug|Any CPU.ActiveCfg = Debug|Any CPU
		{34A25C8C-AE62-44E3-9AC1-21533569ED83}.Debug|Any CPU.Build.0 = Debug|Any CPU
		{34A25C8C-AE62-44E3-9AC1-21533569ED83}.Release|Any CPU.ActiveCfg = Release|Any CPU
		{34A25C8C-AE62-44E3-9AC1-21533569ED83}.Release|Any CPU.Build.0 = Release|Any CPU
	EndGlobalSection
	GlobalSection(SolutionProperties) = preSolution
		HideSolutionNode = FALSE
	EndGlobalSection
	GlobalSection(ExtensibilityGlobals) = postSolution
		SolutionGuid = {86D75F30-67EF-4C9F-928E-2A244BE641CA}
	EndGlobalSection
EndGlobal
